
Microsoft Visual Studio Solution File, Format Version 12.00
# Visual Studio 15
VisualStudioVersion = 15.0.28307.271
MinimumVisualStudioVersion = 10.0.40219.1
Project("{FAE04EC0-301F-11D3-BF4B-00C04F79EFBC}") = "ERPAPI", "ERPAPI\ERPAPI.csproj", "{11C4B243-4014-4E08-B41F-EFD5D128232B}"
EndProject
Global
	GlobalSection(SolutionConfigurationPlatforms) = preSolution
		Debug|Any CPU = Debug|Any CPU
		Release|Any CPU = Release|Any CPU
	EndGlobalSection
	GlobalSection(ProjectConfigurationPlatforms) = postSolution
		{11C4B243-4014-4E08-B41F-EFD5D128232B}.Debug|Any CPU.ActiveCfg = Debug|Any CPU
		{11C4B243-4014-4E08-B41F-EFD5D128232B}.Debug|Any CPU.Build.0 = Debug|Any CPU
		{11C4B243-4014-4E08-B41F-EFD5D128232B}.Release|Any CPU.ActiveCfg = Release|Any CPU
		{11C4B243-4014-4E08-B41F-EFD5D128232B}.Release|Any CPU.Build.0 = Release|Any CPU
	EndGlobalSection
	GlobalSection(SolutionProperties) = preSolution
		HideSolutionNode = FALSE
	EndGlobalSection
	GlobalSection(ExtensibilityGlobals) = postSolution
		SolutionGuid = {12684FEA-CC3D-46E8-8212-D7C7BDDEA441}
	EndGlobalSection
EndGlobal
